Microsoft Visual Studio Solution File, Format Version 12.00
# Visual Studio Version 17
VisualStudioVersion = 17.5.2.0
MinimumVisualStudioVersion = 10.0.40219.1
Project("{FAE04EC0-301F-11D3-BF4B-00C04F79EFBC}") = "webshop.api", "webshop.api\webshop.api.csproj", "{97A94D8A-02F4-AC00-A2D8-BE734A92A33E}"
EndProject
Global
	GlobalSection(SolutionConfigurationPlatforms) = preSolution
		Debug|Any CPU = Debug|Any CPU
		Release|Any CPU = Release|Any CPU
	EndGlobalSection
	GlobalSection(ProjectConfigurationPlatforms) = postSolution
		{97A94D8A-02F4-AC00-A2D8-BE734A92A33E}.Debug|Any CPU.ActiveCfg = Debug|Any CPU
		{97A94D8A-02F4-AC00-A2D8-BE734A92A33E}.Debug|Any CPU.Build.0 = Debug|Any CPU
		{97A94D8A-02F4-AC00-A2D8-BE734A92A33E}.Release|Any CPU.ActiveCfg = Release|Any CPU
		{97A94D8A-02F4-AC00-A2D8-BE734A92A33E}.Release|Any CPU.Build.0 = Release|Any CPU
	EndGlobalSection
	GlobalSection(SolutionProperties) = preSolution
		HideSolutionNode = FALSE
	EndGlobalSection
	GlobalSection(ExtensibilityGlobals) = postSolution
		SolutionGuid = {76D6D5CF-21B8-4034-9E70-6232BDD7A62D}
	EndGlobalSection
EndGlobal
